
Microsoft Visual Studio Solution File, Format Version 12.00
# Visual Studio 15
VisualStudioVersion = 15.0.27703.2035
MinimumVisualStudioVersion = 10.0.40219.1
Project("{FAE04EC0-301F-11D3-BF4B-00C04F79EFBC}") = "TicTacToeProject", "TicTacToeProject\TicTacToeProject.csproj", "{2F2749D8-B445-49E4-B3C0-2A4679D6983A}"
EndProject
Global
	GlobalSection(SolutionConfigurationPlatforms) = preSolution
		Debug|Any CPU = Debug|Any CPU
		Release|Any CPU = Release|Any CPU
	EndGlobalSection
	GlobalSection(ProjectConfigurationPlatforms) = postSolution
		{2F2749D8-B445-49E4-B3C0-2A4679D6983A}.Debug|Any CPU.ActiveCfg = Debug|Any CPU
		{2F2749D8-B445-49E4-B3C0-2A4679D6983A}.Debug|Any CPU.Build.0 = Debug|Any CPU
		{2F2749D8-B445-49E4-B3C0-2A4679D6983A}.Release|Any CPU.ActiveCfg = Release|Any CPU
		{2F2749D8-B445-49E4-B3C0-2A4679D6983A}.Release|Any CPU.Build.0 = Release|Any CPU
	EndGlobalSection
	GlobalSection(SolutionProperties) = preSolution
		HideSolutionNode = FALSE
	EndGlobalSection
	GlobalSection(ExtensibilityGlobals) = postSolution
		SolutionGuid = {8487FDC2-7455-4C6E-B012-00106634C29E}
	EndGlobalSection
EndGlobal
